
Microsoft Visual Studio Solution File, Format Version 12.00
# Visual Studio Version 16
VisualStudioVersion = 16.0.30225.117
MinimumVisualStudioVersion = 10.0.40219.1
Project("{FAE04EC0-301F-11D3-BF4B-00C04F79EFBC}") = "ProjectShopit", "ProjectShopit\ProjectShopit.csproj", "{281C5B66-A719-425C-956D-595C3A4ABB4F}"
EndProject
Global
	GlobalSection(SolutionConfigurationPlatforms) = preSolution
		Debug|Any CPU = Debug|Any CPU
		Release|Any CPU = Release|Any CPU
	EndGlobalSection
	GlobalSection(ProjectConfigurationPlatforms) = postSolution
		{281C5B66-A719-425C-956D-595C3A4ABB4F}.Debug|Any CPU.ActiveCfg = Debug|Any CPU
		{281C5B66-A719-425C-956D-595C3A4ABB4F}.Debug|Any CPU.Build.0 = Debug|Any CPU
		{281C5B66-A719-425C-956D-595C3A4ABB4F}.Release|Any CPU.ActiveCfg = Release|Any CPU
		{281C5B66-A719-425C-956D-595C3A4ABB4F}.Release|Any CPU.Build.0 = Release|Any CPU
	EndGlobalSection
	GlobalSection(SolutionProperties) = preSolution
		HideSolutionNode = FALSE
	EndGlobalSection
	GlobalSection(ExtensibilityGlobals) = postSolution
		SolutionGuid = {D6347584-8D37-48D4-B9AB-B16F82B66E46}
	EndGlobalSection
EndGlobal
